
Microsoft Visual Studio Solution File, Format Version 12.00
# Visual Studio Version 17
VisualStudioVersion = 17.9.34714.143
MinimumVisualStudioVersion = 10.0.40219.1
Project("{FAE04EC0-301F-11D3-BF4B-00C04F79EFBC}") = "excepcionesThrow", "excepcionesThrow\excepcionesThrow.csproj", "{F7374B10-C1C0-46EF-BD4A-75DD08A6EFDC}"
EndProject
Global
	GlobalSection(SolutionConfigurationPlatforms) = preSolution
		Debug|Any CPU = Debug|Any CPU
		Release|Any CPU = Release|Any CPU
	EndGlobalSection
	GlobalSection(ProjectConfigurationPlatforms) = postSolution
		{F7374B10-C1C0-46EF-BD4A-75DD08A6EFDC}.Debug|Any CPU.ActiveCfg = Debug|Any CPU
		{F7374B10-C1C0-46EF-BD4A-75DD08A6EFDC}.Debug|Any CPU.Build.0 = Debug|Any CPU
		{F7374B10-C1C0-46EF-BD4A-75DD08A6EFDC}.Release|Any CPU.ActiveCfg = Release|Any CPU
		{F7374B10-C1C0-46EF-BD4A-75DD08A6EFDC}.Release|Any CPU.Build.0 = Release|Any CPU
	EndGlobalSection
	GlobalSection(SolutionProperties) = preSolution
		HideSolutionNode = FALSE
	EndGlobalSection
	GlobalSection(ExtensibilityGlobals) = postSolution
		SolutionGuid = {CBB1FC0D-8C6F-480F-842B-8FA0AB0EDE7D}
	EndGlobalSection
EndGlobal
