
Microsoft Visual Studio Solution File, Format Version 12.00
# Visual Studio Version 17
VisualStudioVersion = 17.9.34714.143
MinimumVisualStudioVersion = 10.0.40219.1
Project("{FAE04EC0-301F-11D3-BF4B-00C04F79EFBC}") = "Ejemplo PO", "Ejemplo PO\Ejemplo PO.csproj", "{C676A4F4-6BD0-4E92-AA99-2537CF73F9CA}"
EndProject
Global
	GlobalSection(SolutionConfigurationPlatforms) = preSolution
		Debug|Any CPU = Debug|Any CPU
		Release|Any CPU = Release|Any CPU
	EndGlobalSection
	GlobalSection(ProjectConfigurationPlatforms) = postSolution
		{C676A4F4-6BD0-4E92-AA99-2537CF73F9CA}.Debug|Any CPU.ActiveCfg = Debug|Any CPU
		{C676A4F4-6BD0-4E92-AA99-2537CF73F9CA}.Debug|Any CPU.Build.0 = Debug|Any CPU
		{C676A4F4-6BD0-4E92-AA99-2537CF73F9CA}.Release|Any CPU.ActiveCfg = Release|Any CPU
		{C676A4F4-6BD0-4E92-AA99-2537CF73F9CA}.Release|Any CPU.Build.0 = Release|Any CPU
	EndGlobalSection
	GlobalSection(SolutionProperties) = preSolution
		HideSolutionNode = FALSE
	EndGlobalSection
	GlobalSection(ExtensibilityGlobals) = postSolution
		SolutionGuid = {58EDDD2E-F24B-49A9-A9E6-AA8B0B821CC8}
	EndGlobalSection
EndGlobal
