
Microsoft Visual Studio Solution File, Format Version 12.00
# Visual Studio Version 17
VisualStudioVersion = 17.9.34714.143
MinimumVisualStudioVersion = 10.0.40219.1
Project("{FAE04EC0-301F-11D3-BF4B-00C04F79EFBC}") = "Ejemplo PO llamdas y clase Math", "Ejemplo PO llamdas y clase Math\Ejemplo PO llamdas y clase Math.csproj", "{3513BCE5-B01F-48D3-A53B-8A84E23954B7}"
EndProject
Global
	GlobalSection(SolutionConfigurationPlatforms) = preSolution
		Debug|Any CPU = Debug|Any CPU
		Release|Any CPU = Release|Any CPU
	EndGlobalSection
	GlobalSection(ProjectConfigurationPlatforms) = postSolution
		{3513BCE5-B01F-48D3-A53B-8A84E23954B7}.Debug|Any CPU.ActiveCfg = Debug|Any CPU
		{3513BCE5-B01F-48D3-A53B-8A84E23954B7}.Debug|Any CPU.Build.0 = Debug|Any CPU
		{3513BCE5-B01F-48D3-A53B-8A84E23954B7}.Release|Any CPU.ActiveCfg = Release|Any CPU
		{3513BCE5-B01F-48D3-A53B-8A84E23954B7}.Release|Any CPU.Build.0 = Release|Any CPU
	EndGlobalSection
	GlobalSection(SolutionProperties) = preSolution
		HideSolutionNode = FALSE
	EndGlobalSection
	GlobalSection(ExtensibilityGlobals) = postSolution
		SolutionGuid = {FFB8DBCF-7622-4423-8E6D-629E281ACBB0}
	EndGlobalSection
EndGlobal
