
Microsoft Visual Studio Solution File, Format Version 12.00
# Visual Studio Version 17
VisualStudioVersion = 17.9.34714.143
MinimumVisualStudioVersion = 10.0.40219.1
Project("{FAE04EC0-301F-11D3-BF4B-00C04F79EFBC}") = "UsoChecked", "UsoChecked\UsoChecked.csproj", "{E882970B-6C8B-448D-9F8C-45CF8F102CC0}"
EndProject
Global
	GlobalSection(SolutionConfigurationPlatforms) = preSolution
		Debug|Any CPU = Debug|Any CPU
		Release|Any CPU = Release|Any CPU
	EndGlobalSection
	GlobalSection(ProjectConfigurationPlatforms) = postSolution
		{E882970B-6C8B-448D-9F8C-45CF8F102CC0}.Debug|Any CPU.ActiveCfg = Debug|Any CPU
		{E882970B-6C8B-448D-9F8C-45CF8F102CC0}.Debug|Any CPU.Build.0 = Debug|Any CPU
		{E882970B-6C8B-448D-9F8C-45CF8F102CC0}.Release|Any CPU.ActiveCfg = Release|Any CPU
		{E882970B-6C8B-448D-9F8C-45CF8F102CC0}.Release|Any CPU.Build.0 = Release|Any CPU
	EndGlobalSection
	GlobalSection(SolutionProperties) = preSolution
		HideSolutionNode = FALSE
	EndGlobalSection
	GlobalSection(ExtensibilityGlobals) = postSolution
		SolutionGuid = {B8951ABE-5E97-4BC3-A6D4-33D7EAC9E3E5}
	EndGlobalSection
EndGlobal
