
Microsoft Visual Studio Solution File, Format Version 12.00
# Visual Studio Version 17
VisualStudioVersion = 17.9.34714.143
MinimumVisualStudioVersion = 10.0.40219.1
Project("{FAE04EC0-301F-11D3-BF4B-00C04F79EFBC}") = "ExcepcionesConflictos", "ExcepcionesConflictos\ExcepcionesConflictos.csproj", "{6C48596F-AD28-41FB-BEA3-D8F5A3427F3B}"
EndProject
Global
	GlobalSection(SolutionConfigurationPlatforms) = preSolution
		Debug|Any CPU = Debug|Any CPU
		Release|Any CPU = Release|Any CPU
	EndGlobalSection
	GlobalSection(ProjectConfigurationPlatforms) = postSolution
		{6C48596F-AD28-41FB-BEA3-D8F5A3427F3B}.Debug|Any CPU.ActiveCfg = Debug|Any CPU
		{6C48596F-AD28-41FB-BEA3-D8F5A3427F3B}.Debug|Any CPU.Build.0 = Debug|Any CPU
		{6C48596F-AD28-41FB-BEA3-D8F5A3427F3B}.Release|Any CPU.ActiveCfg = Release|Any CPU
		{6C48596F-AD28-41FB-BEA3-D8F5A3427F3B}.Release|Any CPU.Build.0 = Release|Any CPU
	EndGlobalSection
	GlobalSection(SolutionProperties) = preSolution
		HideSolutionNode = FALSE
	EndGlobalSection
	GlobalSection(ExtensibilityGlobals) = postSolution
		SolutionGuid = {B46AE5D3-6597-47B1-86FA-8CC4D327DB83}
	EndGlobalSection
EndGlobal
